
Microsoft Visual Studio Solution File, Format Version 12.00
# Visual Studio 14
VisualStudioVersion = 14.0.25420.1
MinimumVisualStudioVersion = 10.0.40219.1
Project("{FAE04EC0-301F-11D3-BF4B-00C04F79EFBC}") = "ServiceAppAPI", "ServiceAppAPI\ServiceAppAPI.csproj", "{6FCC2FB8-2700-4916-851E-99A9305FB55C}"
EndProject
Project("{FAE04EC0-301F-11D3-BF4B-00C04F79EFBC}") = "LicenseLibrary", "LicenseLibrary\LicenseLibrary.csproj", "{42B0BE28-74C2-41C6-B642-326BCF8424FD}"
EndProject
Project("{FAE04EC0-301F-11D3-BF4B-00C04F79EFBC}") = "BuisnessLayer", "BuisnessLayer\BuisnessLayer.csproj", "{20F22D33-FAE4-4509-A93E-D28E7994EF36}"
EndProject
Project("{FAE04EC0-301F-11D3-BF4B-00C04F79EFBC}") = "DataLayer", "DataLayer\DataLayer.csproj", "{5FE323B6-5A23-46F2-9008-994B0C8373C6}"
EndProject
Project("{FAE04EC0-301F-11D3-BF4B-00C04F79EFBC}") = "LogLibrary", "LogLibrary\LogLibrary.csproj", "{CFA7F8CA-30C9-4AB6-9302-C1E0636F341C}"
EndProject
Global
	GlobalSection(SolutionConfigurationPlatforms) = preSolution
		Debug|Any CPU = Debug|Any CPU
		Release|Any CPU = Release|Any CPU
	EndGlobalSection
	GlobalSection(ProjectConfigurationPlatforms) = postSolution
		{6FCC2FB8-2700-4916-851E-99A9305FB55C}.Debug|Any CPU.ActiveCfg = Debug|Any CPU
		{6FCC2FB8-2700-4916-851E-99A9305FB55C}.Debug|Any CPU.Build.0 = Debug|Any CPU
		{6FCC2FB8-2700-4916-851E-99A9305FB55C}.Release|Any CPU.ActiveCfg = Release|Any CPU
		{6FCC2FB8-2700-4916-851E-99A9305FB55C}.Release|Any CPU.Build.0 = Release|Any CPU
		{42B0BE28-74C2-41C6-B642-326BCF8424FD}.Debug|Any CPU.ActiveCfg = Debug|Any CPU
		{42B0BE28-74C2-41C6-B642-326BCF8424FD}.Debug|Any CPU.Build.0 = Debug|Any CPU
		{42B0BE28-74C2-41C6-B642-326BCF8424FD}.Release|Any CPU.ActiveCfg = Release|Any CPU
		{42B0BE28-74C2-41C6-B642-326BCF8424FD}.Release|Any CPU.Build.0 = Release|Any CPU
		{20F22D33-FAE4-4509-A93E-D28E7994EF36}.Debug|Any CPU.ActiveCfg = Debug|Any CPU
		{20F22D33-FAE4-4509-A93E-D28E7994EF36}.Debug|Any CPU.Build.0 = Debug|Any CPU
		{20F22D33-FAE4-4509-A93E-D28E7994EF36}.Release|Any CPU.ActiveCfg = Release|Any CPU
		{20F22D33-FAE4-4509-A93E-D28E7994EF36}.Release|Any CPU.Build.0 = Release|Any CPU
		{5FE323B6-5A23-46F2-9008-994B0C8373C6}.Debug|Any CPU.ActiveCfg = Debug|Any CPU
		{5FE323B6-5A23-46F2-9008-994B0C8373C6}.Debug|Any CPU.Build.0 = Debug|Any CPU
		{5FE323B6-5A23-46F2-9008-994B0C8373C6}.Release|Any CPU.ActiveCfg = Release|Any CPU
		{5FE323B6-5A23-46F2-9008-994B0C8373C6}.Release|Any CPU.Build.0 = Release|Any CPU
		{CFA7F8CA-30C9-4AB6-9302-C1E0636F341C}.Debug|Any CPU.ActiveCfg = Debug|Any CPU
		{CFA7F8CA-30C9-4AB6-9302-C1E0636F341C}.Debug|Any CPU.Build.0 = Debug|Any CPU
		{CFA7F8CA-30C9-4AB6-9302-C1E0636F341C}.Release|Any CPU.ActiveCfg = Release|Any CPU
		{CFA7F8CA-30C9-4AB6-9302-C1E0636F341C}.Release|Any CPU.Build.0 = Release|Any CPU
	EndGlobalSection
	GlobalSection(SolutionProperties) = preSolution
		HideSolutionNode = FALSE
	EndGlobalSection
EndGlobal
